
Microsoft Visual Studio Solution File, Format Version 12.00
# Visual Studio Version 16
VisualStudioVersion = 16.0.31702.278
MinimumVisualStudioVersion = 10.0.40219.1
Project("{FAE04EC0-301F-11D3-BF4B-00C04F79EFBC}") = "AssignmentEmpAPIKubernetes", "AssignmentEmpAPIKubernetes.csproj", "{EE0FFC87-E5A7-40FC-9DE5-226A0C7FF8A2}"
EndProject
Global
	GlobalSection(SolutionConfigurationPlatforms) = preSolution
		Debug|Any CPU = Debug|Any CPU
		Release|Any CPU = Release|Any CPU
	EndGlobalSection
	GlobalSection(ProjectConfigurationPlatforms) = postSolution
		{EE0FFC87-E5A7-40FC-9DE5-226A0C7FF8A2}.Debug|Any CPU.ActiveCfg = Debug|Any CPU
		{EE0FFC87-E5A7-40FC-9DE5-226A0C7FF8A2}.Debug|Any CPU.Build.0 = Debug|Any CPU
		{EE0FFC87-E5A7-40FC-9DE5-226A0C7FF8A2}.Release|Any CPU.ActiveCfg = Release|Any CPU
		{EE0FFC87-E5A7-40FC-9DE5-226A0C7FF8A2}.Release|Any CPU.Build.0 = Release|Any CPU
	EndGlobalSection
	GlobalSection(SolutionProperties) = preSolution
		HideSolutionNode = FALSE
	EndGlobalSection
	GlobalSection(ExtensibilityGlobals) = postSolution
		SolutionGuid = {6BF686AB-2D51-4E94-A3E4-53272E8CD119}
	EndGlobalSection
EndGlobal
